{
  "name": "advanced-testing-kit",
  "version": "1.0.0",
  "lockfileVersion": 2,
  "requires": true,
  "packages": {
    "": {
      "name": "advanced-testing-kit",
      "version": "1.0.0",
      "license": "SEE LICENSE IN LICENSE.md\"",
      "dependencies": {
        "escodegen": "^2.0.0",
        "esprima": "^4.0.1",
        "espurify": "^2.1.1",
        "esvalid": "^1.1.0",
        "get-object": "^0.2.0",
        "numbers-logic": "^1.1.0",
        "set-value": "^4.1.0"
      },
      "devDependencies": {
        "@types/node": ">=17.0.15"
      }
    },
    "node_modules/@types/node": {
      "version": "17.0.15",
      "resolved": "https://registry.npmjs.org/@types/node/-/node-17.0.15.tgz",
      "integrity": "sha512-zWt4SDDv1S9WRBNxLFxFRHxdD9tvH8f5/kg5/IaLFdnSNXsDY4eL3Q3XXN+VxUnWIhyVFDwcsmAprvwXoM/ClA==",
      "dev": true
    },
    "node_modules/deep-is": {
      "version": "0.1.4",
      "resolved": "https://registry.npmjs.org/deep-is/-/deep-is-0.1.4.tgz",
      "integrity": "sha512-oIPzksmTg4/MriiaYGO+okXDT7ztn/w3Eptv/+gSIdMdKsJo0u4CfYNFJPy+4SKMuCqGw2wxnA+URMg3t8a/bQ=="
    },
    "node_modules/escodegen": {
      "version": "2.0.0",
      "resolved": "https://registry.npmjs.org/escodegen/-/escodegen-2.0.0.tgz",
      "integrity": "sha512-mmHKys/C8BFUGI+MAWNcSYoORYLMdPzjrknd2Vc+bUsjN5bXcr8EhrNB+UTqfL1y3I9c4fw2ihgtMPQLBRiQxw==",
      "dependencies": {
        "esprima": "^4.0.1",
        "estraverse": "^5.2.0",
        "esutils": "^2.0.2",
        "optionator": "^0.8.1"
      },
      "bin": {
        "escodegen": "bin/escodegen.js",
        "esgenerate": "bin/esgenerate.js"
      },
      "engines": {
        "node": ">=6.0"
      },
      "optionalDependencies": {
        "source-map": "~0.6.1"
      }
    },
    "node_modules/esprima": {
      "version": "4.0.1",
      "resolved": "https://registry.npmjs.org/esprima/-/esprima-4.0.1.tgz",
      "integrity": "sha512-eGuFFw7Upda+g4p+QHvnW0RyTX/SVeJBDM/gCtMARO0cLuT2HcEKnTPvhjV6aGeqrCB/sbNop0Kszm0jsaWU4A==",
      "bin": {
        "esparse": "bin/esparse.js",
        "esvalidate": "bin/esvalidate.js"
      },
      "engines": {
        "node": ">=4"
      }
    },
    "node_modules/espurify": {
      "version": "2.1.1",
      "resolved": "https://registry.npmjs.org/espurify/-/espurify-2.1.1.tgz",
      "integrity": "sha512-zttWvnkhcDyGOhSH4vO2qCBILpdCMv/MX8lp4cqgRkQoDRGK2oZxi2GfWhlP2dIXmk7BaKeOTuzbHhyC68o8XQ=="
    },
    "node_modules/estraverse": {
      "version": "5.3.0",
      "resolved": "https://registry.npmjs.org/estraverse/-/estraverse-5.3.0.tgz",
      "integrity": "sha512-MMdARuVEQziNTeJD8DgMqmhwR11BRQ/cBP+pLtYdSTnf3MIO8fFeiINEbX36ZdNlfU/7A9f3gUw49B3oQsvwBA==",
      "engines": {
        "node": ">=4.0"
      }
    },
    "node_modules/esutils": {
      "version": "2.0.3",
      "resolved": "https://registry.npmjs.org/esutils/-/esutils-2.0.3.tgz",
      "integrity": "sha512-kVscqXk4OCp68SZ0dkgEKVi6/8ij300KBWTJq32P/dYeWTSwK41WyTxalN1eRmA5Z9UU/LX9D7FWSmV9SAYx6g==",
      "engines": {
        "node": ">=0.10.0"
      }
    },
    "node_modules/esvalid": {
      "version": "1.1.0",
      "resolved": "https://registry.npmjs.org/esvalid/-/esvalid-1.1.0.tgz",
      "integrity": "sha1-KITTWtMYZ9wUTDL+bGon+wjP+FU=",
      "dependencies": {
        "esutils": "^1.1.4",
        "object-assign": "^0.3.1"
      }
    },
    "node_modules/esvalid/node_modules/esutils": {
      "version": "1.1.6",
      "resolved": "https://registry.npmjs.org/esutils/-/esutils-1.1.6.tgz",
      "integrity": "sha1-wBzKqa5LiXxtDD4hCuUvPHqEQ3U=",
      "engines": {
        "node": ">=0.10.0"
      }
    },
    "node_modules/fast-levenshtein": {
      "version": "2.0.6",
      "resolved": "https://registry.npmjs.org/fast-levenshtein/-/fast-levenshtein-2.0.6.tgz",
      "integrity": "sha1-PYpcZog6FqMMqGQ+hR8Zuqd5eRc="
    },
    "node_modules/get-object": {
      "version": "0.2.0",
      "resolved": "https://registry.npmjs.org/get-object/-/get-object-0.2.0.tgz",
      "integrity": "sha1-2S/31RkMZFMM2gVD2sY6PUf+jAw=",
      "dependencies": {
        "is-number": "^2.0.2",
        "isobject": "^0.2.0"
      },
      "engines": {
        "node": ">=0.10.0"
      }
    },
    "node_modules/is-buffer": {
      "version": "1.1.6",
      "resolved": "https://registry.npmjs.org/is-buffer/-/is-buffer-1.1.6.tgz",
      "integrity": "sha512-NcdALwpXkTm5Zvvbk7owOUSvVvBKDgKP5/ewfXEznmQFfs4ZRmanOeKBTjRVjka3QFoN6XJ+9F3USqfHqTaU5w=="
    },
    "node_modules/is-number": {
      "version": "2.1.0",
      "resolved": "https://registry.npmjs.org/is-number/-/is-number-2.1.0.tgz",
      "integrity": "sha1-Afy7s5NGOlSPL0ZszhbezknbkI8=",
      "dependencies": {
        "kind-of": "^3.0.2"
      },
      "engines": {
        "node": ">=0.10.0"
      }
    },
    "node_modules/is-plain-object": {
      "version": "2.0.4",
      "resolved": "https://registry.npmjs.org/is-plain-object/-/is-plain-object-2.0.4.tgz",
      "integrity": "sha512-h5PpgXkWitc38BBMYawTYMWJHFZJVnBquFE57xFpjB8pJFiF6gZ+bU+WyI/yqXiFR5mdLsgYNaPe8uao6Uv9Og==",
      "dependencies": {
        "isobject": "^3.0.1"
      },
      "engines": {
        "node": ">=0.10.0"
      }
    },
    "node_modules/is-plain-object/node_modules/isobject": {
      "version": "3.0.1",
      "resolved": "https://registry.npmjs.org/isobject/-/isobject-3.0.1.tgz",
      "integrity": "sha1-TkMekrEalzFjaqH5yNHMvP2reN8=",
      "engines": {
        "node": ">=0.10.0"
      }
    },
    "node_modules/is-primitive": {
      "version": "3.0.1",
      "resolved": "https://registry.npmjs.org/is-primitive/-/is-primitive-3.0.1.tgz",
      "integrity": "sha512-GljRxhWvlCNRfZyORiH77FwdFwGcMO620o37EOYC0ORWdq+WYNVqW0w2Juzew4M+L81l6/QS3t5gkkihyRqv9w==",
      "engines": {
        "node": ">=0.10.0"
      }
    },
    "node_modules/isobject": {
      "version": "0.2.0",
      "resolved": "https://registry.npmjs.org/isobject/-/isobject-0.2.0.tgz",
      "integrity": "sha1-o0MhkvObkQtfAsyYlIeDbscKqF4=",
      "engines": {
        "node": ">=0.10.0"
      }
    },
    "node_modules/kind-of": {
      "version": "3.2.2",
      "resolved": "https://registry.npmjs.org/kind-of/-/kind-of-3.2.2.tgz",
      "integrity": "sha1-MeohpzS6ubuw8yRm2JOupR5KPGQ=",
      "dependencies": {
        "is-buffer": "^1.1.5"
      },
      "engines": {
        "node": ">=0.10.0"
      }
    },
    "node_modules/levn": {
      "version": "0.3.0",
      "resolved": "https://registry.npmjs.org/levn/-/levn-0.3.0.tgz",
      "integrity": "sha1-OwmSTt+fCDwEkP3UwLxEIeBHZO4=",
      "dependencies": {
        "prelude-ls": "~1.1.2",
        "type-check": "~0.3.2"
      },
      "engines": {
        "node": ">= 0.8.0"
      }
    },
    "node_modules/number-theory": {
      "version": "1.1.0",
      "resolved": "https://registry.npmjs.org/number-theory/-/number-theory-1.1.0.tgz",
      "integrity": "sha1-cyA6+uu8pe9LWHbhXr2HjnJSdXI=",
      "dependencies": {
        "underscore": "*"
      }
    },
    "node_modules/numbers": {
      "version": "0.7.0",
      "resolved": "https://registry.npmjs.org/numbers/-/numbers-0.7.0.tgz",
      "integrity": "sha512-bdHRauOohlyg20dLiOitEJrXVs4xtu4GeDeKyChkWSfMeDLM39lUDcaOShSdmxqt4Ihu9syh480Fx/EiDY5zYQ==",
      "engines": {
        "node": ">= v0.6.0"
      }
    },
    "node_modules/numbers-logic": {
      "version": "1.1.0",
      "resolved": "https://registry.npmjs.org/numbers-logic/-/numbers-logic-1.1.0.tgz",
      "integrity": "sha512-qPFXYWHJ1ouuXA+4IE74l2hv6mvcRe3ebjYMp/hCf5Ue4LrFlyYfC/M8JDI90wWbNN7VjpZQlbUS0rIQFgJZUw==",
      "dependencies": {
        "number-theory": "^1.1.0",
        "numbers": "^0.7.0"
      }
    },
    "node_modules/object-assign": {
      "version": "0.3.1",
      "resolved": "https://registry.npmjs.org/object-assign/-/object-assign-0.3.1.tgz",
      "integrity": "sha1-Bg4qKifXwNd+x3t48Rqkf9iACNI=",
      "engines": {
        "node": ">=0.10.0"
      }
    },
    "node_modules/optionator": {
      "version": "0.8.3",
      "resolved": "https://registry.npmjs.org/optionator/-/optionator-0.8.3.tgz",
      "integrity": "sha512-+IW9pACdk3XWmmTXG8m3upGUJst5XRGzxMRjXzAuJ1XnIFNvfhjjIuYkDvysnPQ7qzqVzLt78BCruntqRhWQbA==",
      "dependencies": {
        "deep-is": "~0.1.3",
        "fast-levenshtein": "~2.0.6",
        "levn": "~0.3.0",
        "prelude-ls": "~1.1.2",
        "type-check": "~0.3.2",
        "word-wrap": "~1.2.3"
      },
      "engines": {
        "node": ">= 0.8.0"
      }
    },
    "node_modules/prelude-ls": {
      "version": "1.1.2",
      "resolved": "https://registry.npmjs.org/prelude-ls/-/prelude-ls-1.1.2.tgz",
      "integrity": "sha1-IZMqVJ9eUv/ZqCf1cOBL5iqX2lQ=",
      "engines": {
        "node": ">= 0.8.0"
      }
    },
    "node_modules/set-value": {
      "version": "4.1.0",
      "resolved": "https://registry.npmjs.org/set-value/-/set-value-4.1.0.tgz",
      "integrity": "sha512-zTEg4HL0RwVrqcWs3ztF+x1vkxfm0lP+MQQFPiMJTKVceBwEV0A569Ou8l9IYQG8jOZdMVI1hGsc0tmeD2o/Lw==",
      "funding": [
        "https://github.com/sponsors/jonschlinkert",
        "https://paypal.me/jonathanschlinkert",
        "https://jonschlinkert.dev/sponsor"
      ],
      "dependencies": {
        "is-plain-object": "^2.0.4",
        "is-primitive": "^3.0.1"
      },
      "engines": {
        "node": ">=11.0"
      }
    },
    "node_modules/source-map": {
      "version": "0.6.1",
      "resolved": "https://registry.npmjs.org/source-map/-/source-map-0.6.1.tgz",
      "integrity": "sha512-UjgapumWlbMhkBgzT7Ykc5YXUT46F0iKu8SGXq0bcwP5dz/h0Plj6enJqjz1Zbq2l5WaqYnrVbwWOWMyF3F47g==",
      "optional": true,
      "engines": {
        "node": ">=0.10.0"
      }
    },
    "node_modules/type-check": {
      "version": "0.3.2",
      "resolved": "https://registry.npmjs.org/type-check/-/type-check-0.3.2.tgz",
      "integrity": "sha1-WITKtRLPHTVeP7eE8wgEsrUg23I=",
      "dependencies": {
        "prelude-ls": "~1.1.2"
      },
      "engines": {
        "node": ">= 0.8.0"
      }
    },
    "node_modules/underscore": {
      "version": "1.13.2",
      "resolved": "https://registry.npmjs.org/underscore/-/underscore-1.13.2.tgz",
      "integrity": "sha512-ekY1NhRzq0B08g4bGuX4wd2jZx5GnKz6mKSqFL4nqBlfyMGiG10gDFhDTMEfYmDL6Jy0FUIZp7wiRB+0BP7J2g=="
    },
    "node_modules/word-wrap": {
      "version": "1.2.3",
      "resolved": "https://registry.npmjs.org/word-wrap/-/word-wrap-1.2.3.tgz",
      "integrity": "sha512-Hz/mrNwitNRh/HUAtM/VT/5VH+ygD6DV7mYKZAtHOrbs8U7lvPS6xf7EJKMF0uW1KJCl0H701g3ZGus+muE5vQ==",
      "engines": {
        "node": ">=0.10.0"
      }
    }
  },
  "dependencies": {
    "@types/node": {
      "version": "17.0.15",
      "resolved": "https://registry.npmjs.org/@types/node/-/node-17.0.15.tgz",
      "integrity": "sha512-zWt4SDDv1S9WRBNxLFxFRHxdD9tvH8f5/kg5/IaLFdnSNXsDY4eL3Q3XXN+VxUnWIhyVFDwcsmAprvwXoM/ClA==",
      "dev": true
    },
    "deep-is": {
      "version": "0.1.4",
      "resolved": "https://registry.npmjs.org/deep-is/-/deep-is-0.1.4.tgz",
      "integrity": "sha512-oIPzksmTg4/MriiaYGO+okXDT7ztn/w3Eptv/+gSIdMdKsJo0u4CfYNFJPy+4SKMuCqGw2wxnA+URMg3t8a/bQ=="
    },
    "escodegen": {
      "version": "2.0.0",
      "resolved": "https://registry.npmjs.org/escodegen/-/escodegen-2.0.0.tgz",
      "integrity": "sha512-mmHKys/C8BFUGI+MAWNcSYoORYLMdPzjrknd2Vc+bUsjN5bXcr8EhrNB+UTqfL1y3I9c4fw2ihgtMPQLBRiQxw==",
      "requires": {
        "esprima": "^4.0.1",
        "estraverse": "^5.2.0",
        "esutils": "^2.0.2",
        "optionator": "^0.8.1",
        "source-map": "~0.6.1"
      }
    },
    "esprima": {
      "version": "4.0.1",
      "resolved": "https://registry.npmjs.org/esprima/-/esprima-4.0.1.tgz",
      "integrity": "sha512-eGuFFw7Upda+g4p+QHvnW0RyTX/SVeJBDM/gCtMARO0cLuT2HcEKnTPvhjV6aGeqrCB/sbNop0Kszm0jsaWU4A=="
    },
    "espurify": {
      "version": "2.1.1",
      "resolved": "https://registry.npmjs.org/espurify/-/espurify-2.1.1.tgz",
      "integrity": "sha512-zttWvnkhcDyGOhSH4vO2qCBILpdCMv/MX8lp4cqgRkQoDRGK2oZxi2GfWhlP2dIXmk7BaKeOTuzbHhyC68o8XQ=="
    },
    "estraverse": {
      "version": "5.3.0",
      "resolved": "https://registry.npmjs.org/estraverse/-/estraverse-5.3.0.tgz",
      "integrity": "sha512-MMdARuVEQziNTeJD8DgMqmhwR11BRQ/cBP+pLtYdSTnf3MIO8fFeiINEbX36ZdNlfU/7A9f3gUw49B3oQsvwBA=="
    },
    "esutils": {
      "version": "2.0.3",
      "resolved": "https://registry.npmjs.org/esutils/-/esutils-2.0.3.tgz",
      "integrity": "sha512-kVscqXk4OCp68SZ0dkgEKVi6/8ij300KBWTJq32P/dYeWTSwK41WyTxalN1eRmA5Z9UU/LX9D7FWSmV9SAYx6g=="
    },
    "esvalid": {
      "version": "1.1.0",
      "resolved": "https://registry.npmjs.org/esvalid/-/esvalid-1.1.0.tgz",
      "integrity": "sha1-KITTWtMYZ9wUTDL+bGon+wjP+FU=",
      "requires": {
        "esutils": "^1.1.4",
        "object-assign": "^0.3.1"
      },
      "dependencies": {
        "esutils": {
          "version": "1.1.6",
          "resolved": "https://registry.npmjs.org/esutils/-/esutils-1.1.6.tgz",
          "integrity": "sha1-wBzKqa5LiXxtDD4hCuUvPHqEQ3U="
        }
      }
    },
    "fast-levenshtein": {
      "version": "2.0.6",
      "resolved": "https://registry.npmjs.org/fast-levenshtein/-/fast-levenshtein-2.0.6.tgz",
      "integrity": "sha1-PYpcZog6FqMMqGQ+hR8Zuqd5eRc="
    },
    "get-object": {
      "version": "0.2.0",
      "resolved": "https://registry.npmjs.org/get-object/-/get-object-0.2.0.tgz",
      "integrity": "sha1-2S/31RkMZFMM2gVD2sY6PUf+jAw=",
      "requires": {
        "is-number": "^2.0.2",
        "isobject": "^0.2.0"
      }
    },
    "is-buffer": {
      "version": "1.1.6",
      "resolved": "https://registry.npmjs.org/is-buffer/-/is-buffer-1.1.6.tgz",
      "integrity": "sha512-NcdALwpXkTm5Zvvbk7owOUSvVvBKDgKP5/ewfXEznmQFfs4ZRmanOeKBTjRVjka3QFoN6XJ+9F3USqfHqTaU5w=="
    },
    "is-number": {
      "version": "2.1.0",
      "resolved": "https://registry.npmjs.org/is-number/-/is-number-2.1.0.tgz",
      "integrity": "sha1-Afy7s5NGOlSPL0ZszhbezknbkI8=",
      "requires": {
        "kind-of": "^3.0.2"
      }
    },
    "is-plain-object": {
      "version": "2.0.4",
      "resolved": "https://registry.npmjs.org/is-plain-object/-/is-plain-object-2.0.4.tgz",
      "integrity": "sha512-h5PpgXkWitc38BBMYawTYMWJHFZJVnBquFE57xFpjB8pJFiF6gZ+bU+WyI/yqXiFR5mdLsgYNaPe8uao6Uv9Og==",
      "requires": {
        "isobject": "^3.0.1"
      },
      "dependencies": {
        "isobject": {
          "version": "3.0.1",
          "resolved": "https://registry.npmjs.org/isobject/-/isobject-3.0.1.tgz",
          "integrity": "sha1-TkMekrEalzFjaqH5yNHMvP2reN8="
        }
      }
    },
    "is-primitive": {
      "version": "3.0.1",
      "resolved": "https://registry.npmjs.org/is-primitive/-/is-primitive-3.0.1.tgz",
      "integrity": "sha512-GljRxhWvlCNRfZyORiH77FwdFwGcMO620o37EOYC0ORWdq+WYNVqW0w2Juzew4M+L81l6/QS3t5gkkihyRqv9w=="
    },
    "isobject": {
      "version": "0.2.0",
      "resolved": "https://registry.npmjs.org/isobject/-/isobject-0.2.0.tgz",
      "integrity": "sha1-o0MhkvObkQtfAsyYlIeDbscKqF4="
    },
    "kind-of": {
      "version": "3.2.2",
      "resolved": "https://registry.npmjs.org/kind-of/-/kind-of-3.2.2.tgz",
      "integrity": "sha1-MeohpzS6ubuw8yRm2JOupR5KPGQ=",
      "requires": {
        "is-buffer": "^1.1.5"
      }
    },
    "levn": {
      "version": "0.3.0",
      "resolved": "https://registry.npmjs.org/levn/-/levn-0.3.0.tgz",
      "integrity": "sha1-OwmSTt+fCDwEkP3UwLxEIeBHZO4=",
      "requires": {
        "prelude-ls": "~1.1.2",
        "type-check": "~0.3.2"
      }
    },
    "number-theory": {
      "version": "1.1.0",
      "resolved": "https://registry.npmjs.org/number-theory/-/number-theory-1.1.0.tgz",
      "integrity": "sha1-cyA6+uu8pe9LWHbhXr2HjnJSdXI=",
      "requires": {
        "underscore": "*"
      }
    },
    "numbers": {
      "version": "0.7.0",
      "resolved": "https://registry.npmjs.org/numbers/-/numbers-0.7.0.tgz",
      "integrity": "sha512-bdHRauOohlyg20dLiOitEJrXVs4xtu4GeDeKyChkWSfMeDLM39lUDcaOShSdmxqt4Ihu9syh480Fx/EiDY5zYQ=="
    },
    "numbers-logic": {
      "version": "1.1.0",
      "resolved": "https://registry.npmjs.org/numbers-logic/-/numbers-logic-1.1.0.tgz",
      "integrity": "sha512-qPFXYWHJ1ouuXA+4IE74l2hv6mvcRe3ebjYMp/hCf5Ue4LrFlyYfC/M8JDI90wWbNN7VjpZQlbUS0rIQFgJZUw==",
      "requires": {
        "number-theory": "^1.1.0",
        "numbers": "^0.7.0"
      }
    },
    "object-assign": {
      "version": "0.3.1",
      "resolved": "https://registry.npmjs.org/object-assign/-/object-assign-0.3.1.tgz",
      "integrity": "sha1-Bg4qKifXwNd+x3t48Rqkf9iACNI="
    },
    "optionator": {
      "version": "0.8.3",
      "resolved": "https://registry.npmjs.org/optionator/-/optionator-0.8.3.tgz",
      "integrity": "sha512-+IW9pACdk3XWmmTXG8m3upGUJst5XRGzxMRjXzAuJ1XnIFNvfhjjIuYkDvysnPQ7qzqVzLt78BCruntqRhWQbA==",
      "requires": {
        "deep-is": "~0.1.3",
        "fast-levenshtein": "~2.0.6",
        "levn": "~0.3.0",
        "prelude-ls": "~1.1.2",
        "type-check": "~0.3.2",
        "word-wrap": "~1.2.3"
      }
    },
    "prelude-ls": {
      "version": "1.1.2",
      "resolved": "https://registry.npmjs.org/prelude-ls/-/prelude-ls-1.1.2.tgz",
      "integrity": "sha1-IZMqVJ9eUv/ZqCf1cOBL5iqX2lQ="
    },
    "set-value": {
      "version": "4.1.0",
      "resolved": "https://registry.npmjs.org/set-value/-/set-value-4.1.0.tgz",
      "integrity": "sha512-zTEg4HL0RwVrqcWs3ztF+x1vkxfm0lP+MQQFPiMJTKVceBwEV0A569Ou8l9IYQG8jOZdMVI1hGsc0tmeD2o/Lw==",
      "requires": {
        "is-plain-object": "^2.0.4",
        "is-primitive": "^3.0.1"
      }
    },
    "source-map": {
      "version": "0.6.1",
      "resolved": "https://registry.npmjs.org/source-map/-/source-map-0.6.1.tgz",
      "integrity": "sha512-UjgapumWlbMhkBgzT7Ykc5YXUT46F0iKu8SGXq0bcwP5dz/h0Plj6enJqjz1Zbq2l5WaqYnrVbwWOWMyF3F47g==",
      "optional": true
    },
    "type-check": {
      "version": "0.3.2",
      "resolved": "https://registry.npmjs.org/type-check/-/type-check-0.3.2.tgz",
      "integrity": "sha1-WITKtRLPHTVeP7eE8wgEsrUg23I=",
      "requires": {
        "prelude-ls": "~1.1.2"
      }
    },
    "underscore": {
      "version": "1.13.2",
      "resolved": "https://registry.npmjs.org/underscore/-/underscore-1.13.2.tgz",
      "integrity": "sha512-ekY1NhRzq0B08g4bGuX4wd2jZx5GnKz6mKSqFL4nqBlfyMGiG10gDFhDTMEfYmDL6Jy0FUIZp7wiRB+0BP7J2g=="
    },
    "word-wrap": {
      "version": "1.2.3",
      "resolved": "https://registry.npmjs.org/word-wrap/-/word-wrap-1.2.3.tgz",
      "integrity": "sha512-Hz/mrNwitNRh/HUAtM/VT/5VH+ygD6DV7mYKZAtHOrbs8U7lvPS6xf7EJKMF0uW1KJCl0H701g3ZGus+muE5vQ=="
    }
  }
}
